
Microsoft Visual Studio Solution File, Format Version 12.00
# Visual Studio Version 17
VisualStudioVersion = 17.14.36414.22
MinimumVisualStudioVersion = 10.0.40219.1
Project("{2150E333-8FDC-42A3-9474-1A3956D46DE8}") = "Task0", "Task0", "{02EA681E-C7D8-13C7-8484-4AC65E1B71E8}"
EndProject
Project("{FAE04EC0-301F-11D3-BF4B-00C04F79EFBC}") = "Tyuiu.PautovaMO.Sprint4.Task0.V29", "Tyuiu.PautovaMO.Sprint4.Task0.V29\Tyuiu.PautovaMO.Sprint4.Task0.V29.csproj", "{B38F75E6-D86D-4E42-9A1E-A33FBB3B1726}"
EndProject
Project("{FAE04EC0-301F-11D3-BF4B-00C04F79EFBC}") = "Tyuiu.PautovaMO.Sprint4.Task0.V29.Lib", "Tyuiu.PautovaMO.Sprint4.Task0.V29.Lib\Tyuiu.PautovaMO.Sprint4.Task0.V29.Lib.csproj", "{4DDCA4D8-BB0F-4144-9228-CDA548B22787}"
EndProject
Project("{FAE04EC0-301F-11D3-BF4B-00C04F79EFBC}") = "Tyuiu.PautovaMO.Sprint4.Task0.V29.Test", "Tyuiu.PautovaMO.Sprint4.Task0.V29.Test\Tyuiu.PautovaMO.Sprint4.Task0.V29.Test.csproj", "{F3CDDFEB-D8E9-4E95-9F03-1F6DF749C6FC}"
EndProject
Project("{2150E333-8FDC-42A3-9474-1A3956D46DE8}") = "Task1", "Task1", "{B3925B9F-FCE2-44CA-83CB-3B8BBC424DC7}"
EndProject
Project("{FAE04EC0-301F-11D3-BF4B-00C04F79EFBC}") = "Tyuiu.PautovaMO.Sprint4.Task1.V27", "Tyuiu.PautovaMO.Sprint4.Task1.V27\Tyuiu.PautovaMO.Sprint4.Task1.V27.csproj", "{43DB48A6-8B2D-46DF-934E-67E7323683DE}"
EndProject
Project("{FAE04EC0-301F-11D3-BF4B-00C04F79EFBC}") = "Tyuiu.PautovaMO.Sprint4.Task1.V27.Lib", "Tyuiu.PautovaMO.Sprint4.Task1.V27.Lib\Tyuiu.PautovaMO.Sprint4.Task1.V27.Lib.csproj", "{CAF83D3B-0D90-48E4-BD33-BC0084D27145}"
EndProject
Project("{FAE04EC0-301F-11D3-BF4B-00C04F79EFBC}") = "Tyuiu.PautovaMO.Sprint4.Task1.V27.Test", "Tyuiu.PautovaMO.Sprint4.Task1.V27.Test\Tyuiu.PautovaMO.Sprint4.Task1.V27.Test.csproj", "{BCFAAA97-3720-4432-88CC-B9FF71C16E44}"
EndProject
Project("{2150E333-8FDC-42A3-9474-1A3956D46DE8}") = "Task2", "Task2", "{1E3016A3-1734-4A3D-8F74-6735CFFD7F68}"
EndProject
Project("{FAE04EC0-301F-11D3-BF4B-00C04F79EFBC}") = "Tyuiu.PautovaMO.Sprint4.Task2.V18", "Tyuiu.PautovaMO.Sprint4.Task2.V18\Tyuiu.PautovaMO.Sprint4.Task2.V18.csproj", "{0CE22D99-49E0-4AA9-8D11-93FC6C932BF2}"
EndProject
Project("{FAE04EC0-301F-11D3-BF4B-00C04F79EFBC}") = "Tyuiu.PautovaMO.Sprint4.Task2.V18.Lib", "Tyuiu.PautovaMO.Sprint4.Task2.V18.Lib\Tyuiu.PautovaMO.Sprint4.Task2.V18.Lib.csproj", "{260B9F3F-DB70-4F99-A80B-C04563DECFE2}"
EndProject
Project("{FAE04EC0-301F-11D3-BF4B-00C04F79EFBC}") = "Tyuiu.PautovaMO.Sprint4.Task2.V18.Test", "Tyuiu.PautovaMO.Sprint4.Task2.V18.Test\Tyuiu.PautovaMO.Sprint4.Task2.V18.Test.csproj", "{C6FB61C4-9EB9-4CDF-A66E-DFCBF64A9163}"
EndProject
Project("{2150E333-8FDC-42A3-9474-1A3956D46DE8}") = "Task3", "Task3", "{EE072487-AB63-4BD3-8960-2F80B0134E8C}"
EndProject
Project("{FAE04EC0-301F-11D3-BF4B-00C04F79EFBC}") = "Tyuiu.PautovaMO.Sprint4.Task3.V23", "Tyuiu.PautovaMO.Sprint4.Task3.V23\Tyuiu.PautovaMO.Sprint4.Task3.V23.csproj", "{3538D41A-D877-4D16-B2BA-74958E53F00D}"
EndProject
Project("{FAE04EC0-301F-11D3-BF4B-00C04F79EFBC}") = "Tyuiu.PautovaMO.Sprint4.Task3.V23.Lib", "Tyuiu.PautovaMO.Sprint4.Task3.V23.Lib\Tyuiu.PautovaMO.Sprint4.Task3.V23.Lib.csproj", "{08697532-4ADA-44EB-994A-4C7EF9051A22}"
EndProject
Project("{FAE04EC0-301F-11D3-BF4B-00C04F79EFBC}") = "Tyuiu.PautovaMO.Sprint4.Task3.V23.Test", "Tyuiu.PautovaMO.Sprint4.Task3.V23.Test\Tyuiu.PautovaMO.Sprint4.Task3.V23.Test.csproj", "{F7CA34D8-BDFE-4E94-B640-9AE176D356F0}"
EndProject
Global
	GlobalSection(SolutionConfigurationPlatforms) = preSolution
		Debug|Any CPU = Debug|Any CPU
		Release|Any CPU = Release|Any CPU
	EndGlobalSection
	GlobalSection(ProjectConfigurationPlatforms) = postSolution
		{B38F75E6-D86D-4E42-9A1E-A33FBB3B1726}.Debug|Any CPU.ActiveCfg = Debug|Any CPU
		{B38F75E6-D86D-4E42-9A1E-A33FBB3B1726}.Debug|Any CPU.Build.0 = Debug|Any CPU
		{B38F75E6-D86D-4E42-9A1E-A33FBB3B1726}.Release|Any CPU.ActiveCfg = Release|Any CPU
		{B38F75E6-D86D-4E42-9A1E-A33FBB3B1726}.Release|Any CPU.Build.0 = Release|Any CPU
		{4DDCA4D8-BB0F-4144-9228-CDA548B22787}.Debug|Any CPU.ActiveCfg = Debug|Any CPU
		{4DDCA4D8-BB0F-4144-9228-CDA548B22787}.Debug|Any CPU.Build.0 = Debug|Any CPU
		{4DDCA4D8-BB0F-4144-9228-CDA548B22787}.Release|Any CPU.ActiveCfg = Release|Any CPU
		{4DDCA4D8-BB0F-4144-9228-CDA548B22787}.Release|Any CPU.Build.0 = Release|Any CPU
		{F3CDDFEB-D8E9-4E95-9F03-1F6DF749C6FC}.Debug|Any CPU.ActiveCfg = Debug|Any CPU
		{F3CDDFEB-D8E9-4E95-9F03-1F6DF749C6FC}.Debug|Any CPU.Build.0 = Debug|Any CPU
		{F3CDDFEB-D8E9-4E95-9F03-1F6DF749C6FC}.Release|Any CPU.ActiveCfg = Release|Any CPU
		{F3CDDFEB-D8E9-4E95-9F03-1F6DF749C6FC}.Release|Any CPU.Build.0 = Release|Any CPU
		{43DB48A6-8B2D-46DF-934E-67E7323683DE}.Debug|Any CPU.ActiveCfg = Debug|Any CPU
		{43DB48A6-8B2D-46DF-934E-67E7323683DE}.Debug|Any CPU.Build.0 = Debug|Any CPU
		{43DB48A6-8B2D-46DF-934E-67E7323683DE}.Release|Any CPU.ActiveCfg = Release|Any CPU
		{43DB48A6-8B2D-46DF-934E-67E7323683DE}.Release|Any CPU.Build.0 = Release|Any CPU
		{CAF83D3B-0D90-48E4-BD33-BC0084D27145}.Debug|Any CPU.ActiveCfg = Debug|Any CPU
		{CAF83D3B-0D90-48E4-BD33-BC0084D27145}.Debug|Any CPU.Build.0 = Debug|Any CPU
		{CAF83D3B-0D90-48E4-BD33-BC0084D27145}.Release|Any CPU.ActiveCfg = Release|Any CPU
		{CAF83D3B-0D90-48E4-BD33-BC0084D27145}.Release|Any CPU.Build.0 = Release|Any CPU
		{BCFAAA97-3720-4432-88CC-B9FF71C16E44}.Debug|Any CPU.ActiveCfg = Debug|Any CPU
		{BCFAAA97-3720-4432-88CC-B9FF71C16E44}.Debug|Any CPU.Build.0 = Debug|Any CPU
		{BCFAAA97-3720-4432-88CC-B9FF71C16E44}.Release|Any CPU.ActiveCfg = Release|Any CPU
		{BCFAAA97-3720-4432-88CC-B9FF71C16E44}.Release|Any CPU.Build.0 = Release|Any CPU
		{0CE22D99-49E0-4AA9-8D11-93FC6C932BF2}.Debug|Any CPU.ActiveCfg = Debug|Any CPU
		{0CE22D99-49E0-4AA9-8D11-93FC6C932BF2}.Debug|Any CPU.Build.0 = Debug|Any CPU
		{0CE22D99-49E0-4AA9-8D11-93FC6C932BF2}.Release|Any CPU.ActiveCfg = Release|Any CPU
		{0CE22D99-49E0-4AA9-8D11-93FC6C932BF2}.Release|Any CPU.Build.0 = Release|Any CPU
		{260B9F3F-DB70-4F99-A80B-C04563DECFE2}.Debug|Any CPU.ActiveCfg = Debug|Any CPU
		{260B9F3F-DB70-4F99-A80B-C04563DECFE2}.Debug|Any CPU.Build.0 = Debug|Any CPU
		{260B9F3F-DB70-4F99-A80B-C04563DECFE2}.Release|Any CPU.ActiveCfg = Release|Any CPU
		{260B9F3F-DB70-4F99-A80B-C04563DECFE2}.Release|Any CPU.Build.0 = Release|Any CPU
		{C6FB61C4-9EB9-4CDF-A66E-DFCBF64A9163}.Debug|Any CPU.ActiveCfg = Debug|Any CPU
		{C6FB61C4-9EB9-4CDF-A66E-DFCBF64A9163}.Debug|Any CPU.Build.0 = Debug|Any CPU
		{C6FB61C4-9EB9-4CDF-A66E-DFCBF64A9163}.Release|Any CPU.ActiveCfg = Release|Any CPU
		{C6FB61C4-9EB9-4CDF-A66E-DFCBF64A9163}.Release|Any CPU.Build.0 = Release|Any CPU
		{3538D41A-D877-4D16-B2BA-74958E53F00D}.Debug|Any CPU.ActiveCfg = Debug|Any CPU
		{3538D41A-D877-4D16-B2BA-74958E53F00D}.Debug|Any CPU.Build.0 = Debug|Any CPU
		{3538D41A-D877-4D16-B2BA-74958E53F00D}.Release|Any CPU.ActiveCfg = Release|Any CPU
		{3538D41A-D877-4D16-B2BA-74958E53F00D}.Release|Any CPU.Build.0 = Release|Any CPU
		{08697532-4ADA-44EB-994A-4C7EF9051A22}.Debug|Any CPU.ActiveCfg = Debug|Any CPU
		{08697532-4ADA-44EB-994A-4C7EF9051A22}.Debug|Any CPU.Build.0 = Debug|Any CPU
		{08697532-4ADA-44EB-994A-4C7EF9051A22}.Release|Any CPU.ActiveCfg = Release|Any CPU
		{08697532-4ADA-44EB-994A-4C7EF9051A22}.Release|Any CPU.Build.0 = Release|Any CPU
		{F7CA34D8-BDFE-4E94-B640-9AE176D356F0}.Debug|Any CPU.ActiveCfg = Debug|Any CPU
		{F7CA34D8-BDFE-4E94-B640-9AE176D356F0}.Debug|Any CPU.Build.0 = Debug|Any CPU
		{F7CA34D8-BDFE-4E94-B640-9AE176D356F0}.Release|Any CPU.ActiveCfg = Release|Any CPU
		{F7CA34D8-BDFE-4E94-B640-9AE176D356F0}.Release|Any CPU.Build.0 = Release|Any CPU
	EndGlobalSection
	GlobalSection(SolutionProperties) = preSolution
		HideSolutionNode = FALSE
	EndGlobalSection
	GlobalSection(NestedProjects) = preSolution
		{B38F75E6-D86D-4E42-9A1E-A33FBB3B1726} = {02EA681E-C7D8-13C7-8484-4AC65E1B71E8}
		{4DDCA4D8-BB0F-4144-9228-CDA548B22787} = {02EA681E-C7D8-13C7-8484-4AC65E1B71E8}
		{F3CDDFEB-D8E9-4E95-9F03-1F6DF749C6FC} = {02EA681E-C7D8-13C7-8484-4AC65E1B71E8}
		{43DB48A6-8B2D-46DF-934E-67E7323683DE} = {B3925B9F-FCE2-44CA-83CB-3B8BBC424DC7}
		{CAF83D3B-0D90-48E4-BD33-BC0084D27145} = {B3925B9F-FCE2-44CA-83CB-3B8BBC424DC7}
		{BCFAAA97-3720-4432-88CC-B9FF71C16E44} = {B3925B9F-FCE2-44CA-83CB-3B8BBC424DC7}
		{0CE22D99-49E0-4AA9-8D11-93FC6C932BF2} = {1E3016A3-1734-4A3D-8F74-6735CFFD7F68}
		{260B9F3F-DB70-4F99-A80B-C04563DECFE2} = {1E3016A3-1734-4A3D-8F74-6735CFFD7F68}
		{C6FB61C4-9EB9-4CDF-A66E-DFCBF64A9163} = {1E3016A3-1734-4A3D-8F74-6735CFFD7F68}
		{3538D41A-D877-4D16-B2BA-74958E53F00D} = {EE072487-AB63-4BD3-8960-2F80B0134E8C}
		{08697532-4ADA-44EB-994A-4C7EF9051A22} = {EE072487-AB63-4BD3-8960-2F80B0134E8C}
		{F7CA34D8-BDFE-4E94-B640-9AE176D356F0} = {EE072487-AB63-4BD3-8960-2F80B0134E8C}
	EndGlobalSection
	GlobalSection(ExtensibilityGlobals) = postSolution
		SolutionGuid = {F5900F87-2088-4D45-8F9A-35E100904039}
	EndGlobalSection
EndGlobal
